
Microsoft Visual Studio Solution File, Format Version 12.00
# Visual Studio Version 16
VisualStudioVersion = 16.0.31105.61
MinimumVisualStudioVersion = 10.0.40219.1
Project("{FAE04EC0-301F-11D3-BF4B-00C04F79EFBC}") = "ProjectXamarinApp.UWP", "ProjectXamarinApp\ProjectXamarinApp.UWP\ProjectXamarinApp.UWP.csproj", "{89202212-B944-4972-95F3-341757385514}"
EndProject
Project("{FAE04EC0-301F-11D3-BF4B-00C04F79EFBC}") = "ProjectXamarinApp.Android", "ProjectXamarinApp\ProjectXamarinApp.Android\ProjectXamarinApp.Android.csproj", "{807A6A8A-6423-442E-A3A1-62CD65BAEA2D}"
EndProject
Project("{FAE04EC0-301F-11D3-BF4B-00C04F79EFBC}") = "ProjectXamarinApp.iOS", "ProjectXamarinApp\ProjectXamarinApp.iOS\ProjectXamarinApp.iOS.csproj", "{F2033A45-2165-4CBB-A97C-9249C191333B}"
EndProject
Project("{FAE04EC0-301F-11D3-BF4B-00C04F79EFBC}") = "ProjectXamarinApp", "ProjectXamarinApp\ProjectXamarinApp\ProjectXamarinApp.csproj", "{F8BFC329-E871-427E-B4AA-583E737B9E06}"
EndProject
Global
	GlobalSection(SolutionConfigurationPlatforms) = preSolution
		Debug|Any CPU = Debug|Any CPU
		Debug|ARM = Debug|ARM
		Debug|iPhone = Debug|iPhone
		Debug|iPhoneSimulator = Debug|iPhoneSimulator
		Debug|x64 = Debug|x64
		Debug|x86 = Debug|x86
		Release|Any CPU = Release|Any CPU
		Release|ARM = Release|ARM
		Release|iPhone = Release|iPhone
		Release|iPhoneSimulator = Release|iPhoneSimulator
		Release|x64 = Release|x64
		Release|x86 = Release|x86
	EndGlobalSection
	GlobalSection(ProjectConfigurationPlatforms) = postSolution
		{89202212-B944-4972-95F3-341757385514}.Debug|Any CPU.ActiveCfg = Debug|x86
		{89202212-B944-4972-95F3-341757385514}.Debug|Any CPU.Build.0 = Debug|x86
		{89202212-B944-4972-95F3-341757385514}.Debug|Any CPU.Deploy.0 = Debug|x86
		{89202212-B944-4972-95F3-341757385514}.Debug|ARM.ActiveCfg = Debug|ARM
		{89202212-B944-4972-95F3-341757385514}.Debug|ARM.Build.0 = Debug|ARM
		{89202212-B944-4972-95F3-341757385514}.Debug|ARM.Deploy.0 = Debug|ARM
		{89202212-B944-4972-95F3-341757385514}.Debug|iPhone.ActiveCfg = Debug|x86
		{89202212-B944-4972-95F3-341757385514}.Debug|iPhone.Build.0 = Debug|x86
		{89202212-B944-4972-95F3-341757385514}.Debug|iPhone.Deploy.0 = Debug|x86
		{89202212-B944-4972-95F3-341757385514}.Debug|iPhoneSimulator.ActiveCfg = Debug|x86
		{89202212-B944-4972-95F3-341757385514}.Debug|iPhoneSimulator.Build.0 = Debug|x86
		{89202212-B944-4972-95F3-341757385514}.Debug|iPhoneSimulator.Deploy.0 = Debug|x86
		{89202212-B944-4972-95F3-341757385514}.Debug|x64.ActiveCfg = Debug|x64
		{89202212-B944-4972-95F3-341757385514}.Debug|x64.Build.0 = Debug|x64
		{89202212-B944-4972-95F3-341757385514}.Debug|x64.Deploy.0 = Debug|x64
		{89202212-B944-4972-95F3-341757385514}.Debug|x86.ActiveCfg = Debug|x86
		{89202212-B944-4972-95F3-341757385514}.Debug|x86.Build.0 = Debug|x86
		{89202212-B944-4972-95F3-341757385514}.Debug|x86.Deploy.0 = Debug|x86
		{89202212-B944-4972-95F3-341757385514}.Release|Any CPU.ActiveCfg = Release|x86
		{89202212-B944-4972-95F3-341757385514}.Release|Any CPU.Build.0 = Release|x86
		{89202212-B944-4972-95F3-341757385514}.Release|Any CPU.Deploy.0 = Release|x86
		{89202212-B944-4972-95F3-341757385514}.Release|ARM.ActiveCfg = Release|ARM
		{89202212-B944-4972-95F3-341757385514}.Release|ARM.Build.0 = Release|ARM
		{89202212-B944-4972-95F3-341757385514}.Release|ARM.Deploy.0 = Release|ARM
		{89202212-B944-4972-95F3-341757385514}.Release|iPhone.ActiveCfg = Release|x86
		{89202212-B944-4972-95F3-341757385514}.Release|iPhone.Build.0 = Release|x86
		{89202212-B944-4972-95F3-341757385514}.Release|iPhone.Deploy.0 = Release|x86
		{89202212-B944-4972-95F3-341757385514}.Release|iPhoneSimulator.ActiveCfg = Release|x86
		{89202212-B944-4972-95F3-341757385514}.Release|iPhoneSimulator.Build.0 = Release|x86
		{89202212-B944-4972-95F3-341757385514}.Release|iPhoneSimulator.Deploy.0 = Release|x86
		{89202212-B944-4972-95F3-341757385514}.Release|x64.ActiveCfg = Release|x64
		{89202212-B944-4972-95F3-341757385514}.Release|x64.Build.0 = Release|x64
		{89202212-B944-4972-95F3-341757385514}.Release|x64.Deploy.0 = Release|x64
		{89202212-B944-4972-95F3-341757385514}.Release|x86.ActiveCfg = Release|x86
		{89202212-B944-4972-95F3-341757385514}.Release|x86.Build.0 = Release|x86
		{89202212-B944-4972-95F3-341757385514}.Release|x86.Deploy.0 = Release|x86
		{807A6A8A-6423-442E-A3A1-62CD65BAEA2D}.Debug|Any CPU.ActiveCfg = Debug|Any CPU
		{807A6A8A-6423-442E-A3A1-62CD65BAEA2D}.Debug|Any CPU.Build.0 = Debug|Any CPU
		{807A6A8A-6423-442E-A3A1-62CD65BAEA2D}.Debug|Any CPU.Deploy.0 = Debug|Any CPU
		{807A6A8A-6423-442E-A3A1-62CD65BAEA2D}.Debug|ARM.ActiveCfg = Debug|Any CPU
		{807A6A8A-6423-442E-A3A1-62CD65BAEA2D}.Debug|ARM.Build.0 = Debug|Any CPU
		{807A6A8A-6423-442E-A3A1-62CD65BAEA2D}.Debug|ARM.Deploy.0 = Debug|Any CPU
		{807A6A8A-6423-442E-A3A1-62CD65BAEA2D}.Debug|iPhone.ActiveCfg = Debug|Any CPU
		{807A6A8A-6423-442E-A3A1-62CD65BAEA2D}.Debug|iPhone.Build.0 = Debug|Any CPU
		{807A6A8A-6423-442E-A3A1-62CD65BAEA2D}.Debug|iPhone.Deploy.0 = Debug|Any CPU
		{807A6A8A-6423-442E-A3A1-62CD65BAEA2D}.Debug|iPhoneSimulator.ActiveCfg = Debug|Any CPU
		{807A6A8A-6423-442E-A3A1-62CD65BAEA2D}.Debug|iPhoneSimulator.Build.0 = Debug|Any CPU
		{807A6A8A-6423-442E-A3A1-62CD65BAEA2D}.Debug|iPhoneSimulator.Deploy.0 = Debug|Any CPU
		{807A6A8A-6423-442E-A3A1-62CD65BAEA2D}.Debug|x64.ActiveCfg = Debug|Any CPU
		{807A6A8A-6423-442E-A3A1-62CD65BAEA2D}.Debug|x64.Build.0 = Debug|Any CPU
		{807A6A8A-6423-442E-A3A1-62CD65BAEA2D}.Debug|x64.Deploy.0 = Debug|Any CPU
		{807A6A8A-6423-442E-A3A1-62CD65BAEA2D}.Debug|x86.ActiveCfg = Debug|Any CPU
		{807A6A8A-6423-442E-A3A1-62CD65BAEA2D}.Debug|x86.Build.0 = Debug|Any CPU
		{807A6A8A-6423-442E-A3A1-62CD65BAEA2D}.Debug|x86.Deploy.0 = Debug|Any CPU
		{807A6A8A-6423-442E-A3A1-62CD65BAEA2D}.Release|Any CPU.ActiveCfg = Release|Any CPU
		{807A6A8A-6423-442E-A3A1-62CD65BAEA2D}.Release|Any CPU.Build.0 = Release|Any CPU
		{807A6A8A-6423-442E-A3A1-62CD65BAEA2D}.Release|Any CPU.Deploy.0 = Release|Any CPU
		{807A6A8A-6423-442E-A3A1-62CD65BAEA2D}.Release|ARM.ActiveCfg = Release|Any CPU
		{807A6A8A-6423-442E-A3A1-62CD65BAEA2D}.Release|ARM.Build.0 = Release|Any CPU
		{807A6A8A-6423-442E-A3A1-62CD65BAEA2D}.Release|ARM.Deploy.0 = Release|Any CPU
		{807A6A8A-6423-442E-A3A1-62CD65BAEA2D}.Release|iPhone.ActiveCfg = Release|Any CPU
		{807A6A8A-6423-442E-A3A1-62CD65BAEA2D}.Release|iPhone.Build.0 = Release|Any CPU
		{807A6A8A-6423-442E-A3A1-62CD65BAEA2D}.Release|iPhone.Deploy.0 = Release|Any CPU
		{807A6A8A-6423-442E-A3A1-62CD65BAEA2D}.Release|iPhoneSimulator.ActiveCfg = Release|Any CPU
		{807A6A8A-6423-442E-A3A1-62CD65BAEA2D}.Release|iPhoneSimulator.Build.0 = Release|Any CPU
		{807A6A8A-6423-442E-A3A1-62CD65BAEA2D}.Release|iPhoneSimulator.Deploy.0 = Release|Any CPU
		{807A6A8A-6423-442E-A3A1-62CD65BAEA2D}.Release|x64.ActiveCfg = Release|Any CPU
		{807A6A8A-6423-442E-A3A1-62CD65BAEA2D}.Release|x64.Build.0 = Release|Any CPU
		{807A6A8A-6423-442E-A3A1-62CD65BAEA2D}.Release|x64.Deploy.0 = Release|Any CPU
		{807A6A8A-6423-442E-A3A1-62CD65BAEA2D}.Release|x86.ActiveCfg = Release|Any CPU
		{807A6A8A-6423-442E-A3A1-62CD65BAEA2D}.Release|x86.Build.0 = Release|Any CPU
		{807A6A8A-6423-442E-A3A1-62CD65BAEA2D}.Release|x86.Deploy.0 = Release|Any CPU
		{F2033A45-2165-4CBB-A97C-9249C191333B}.Debug|Any CPU.ActiveCfg = Debug|iPhoneSimulator
		{F2033A45-2165-4CBB-A97C-9249C191333B}.Debug|Any CPU.Build.0 = Debug|iPhoneSimulator
		{F2033A45-2165-4CBB-A97C-9249C191333B}.Debug|Any CPU.Deploy.0 = Debug|iPhoneSimulator
		{F2033A45-2165-4CBB-A97C-9249C191333B}.Debug|ARM.ActiveCfg = Debug|iPhone
		{F2033A45-2165-4CBB-A97C-9249C191333B}.Debug|ARM.Build.0 = Debug|iPhone
		{F2033A45-2165-4CBB-A97C-9249C191333B}.Debug|ARM.Deploy.0 = Debug|iPhone
		{F2033A45-2165-4CBB-A97C-9249C191333B}.Debug|iPhone.ActiveCfg = Debug|iPhone
		{F2033A45-2165-4CBB-A97C-9249C191333B}.Debug|iPhone.Build.0 = Debug|iPhone
		{F2033A45-2165-4CBB-A97C-9249C191333B}.Debug|iPhone.Deploy.0 = Debug|iPhone
		{F2033A45-2165-4CBB-A97C-9249C191333B}.Debug|iPhoneSimulator.ActiveCfg = Debug|iPhoneSimulator
		{F2033A45-2165-4CBB-A97C-9249C191333B}.Debug|iPhoneSimulator.Build.0 = Debug|iPhoneSimulator
		{F2033A45-2165-4CBB-A97C-9249C191333B}.Debug|iPhoneSimulator.Deploy.0 = Debug|iPhoneSimulator
		{F2033A45-2165-4CBB-A97C-9249C191333B}.Debug|x64.ActiveCfg = Debug|iPhoneSimulator
		{F2033A45-2165-4CBB-A97C-9249C191333B}.Debug|x64.Build.0 = Debug|iPhoneSimulator
		{F2033A45-2165-4CBB-A97C-9249C191333B}.Debug|x64.Deploy.0 = Debug|iPhoneSimulator
		{F2033A45-2165-4CBB-A97C-9249C191333B}.Debug|x86.ActiveCfg = Debug|iPhoneSimulator
		{F2033A45-2165-4CBB-A97C-9249C191333B}.Debug|x86.Build.0 = Debug|iPhoneSimulator
		{F2033A45-2165-4CBB-A97C-9249C191333B}.Debug|x86.Deploy.0 = Debug|iPhoneSimulator
		{F2033A45-2165-4CBB-A97C-9249C191333B}.Release|Any CPU.ActiveCfg = Release|iPhoneSimulator
		{F2033A45-2165-4CBB-A97C-9249C191333B}.Release|Any CPU.Build.0 = Release|iPhoneSimulator
		{F2033A45-2165-4CBB-A97C-9249C191333B}.Release|Any CPU.Deploy.0 = Release|iPhoneSimulator
		{F2033A45-2165-4CBB-A97C-9249C191333B}.Release|ARM.ActiveCfg = Release|iPhoneSimulator
		{F2033A45-2165-4CBB-A97C-9249C191333B}.Release|ARM.Build.0 = Release|iPhoneSimulator
		{F2033A45-2165-4CBB-A97C-9249C191333B}.Release|ARM.Deploy.0 = Release|iPhoneSimulator
		{F2033A45-2165-4CBB-A97C-9249C191333B}.Release|iPhone.ActiveCfg = Release|iPhone
		{F2033A45-2165-4CBB-A97C-9249C191333B}.Release|iPhone.Build.0 = Release|iPhone
		{F2033A45-2165-4CBB-A97C-9249C191333B}.Release|iPhone.Deploy.0 = Release|iPhone
		{F2033A45-2165-4CBB-A97C-9249C191333B}.Release|iPhoneSimulator.ActiveCfg = Release|iPhoneSimulator
		{F2033A45-2165-4CBB-A97C-9249C191333B}.Release|iPhoneSimulator.Build.0 = Release|iPhoneSimulator
		{F2033A45-2165-4CBB-A97C-9249C191333B}.Release|iPhoneSimulator.Deploy.0 = Release|iPhoneSimulator
		{F2033A45-2165-4CBB-A97C-9249C191333B}.Release|x64.ActiveCfg = Release|iPhoneSimulator
		{F2033A45-2165-4CBB-A97C-9249C191333B}.Release|x64.Build.0 = Release|iPhoneSimulator
		{F2033A45-2165-4CBB-A97C-9249C191333B}.Release|x64.Deploy.0 = Release|iPhoneSimulator
		{F2033A45-2165-4CBB-A97C-9249C191333B}.Release|x86.ActiveCfg = Release|iPhoneSimulator
		{F2033A45-2165-4CBB-A97C-9249C191333B}.Release|x86.Build.0 = Release|iPhoneSimulator
		{F2033A45-2165-4CBB-A97C-9249C191333B}.Release|x86.Deploy.0 = Release|iPhoneSimulator
		{F8BFC329-E871-427E-B4AA-583E737B9E06}.Debug|Any CPU.ActiveCfg = Debug|Any CPU
		{F8BFC329-E871-427E-B4AA-583E737B9E06}.Debug|Any CPU.Build.0 = Debug|Any CPU
		{F8BFC329-E871-427E-B4AA-583E737B9E06}.Debug|Any CPU.Deploy.0 = Debug|Any CPU
		{F8BFC329-E871-427E-B4AA-583E737B9E06}.Debug|ARM.ActiveCfg = Debug|Any CPU
		{F8BFC329-E871-427E-B4AA-583E737B9E06}.Debug|ARM.Build.0 = Debug|Any CPU
		{F8BFC329-E871-427E-B4AA-583E737B9E06}.Debug|ARM.Deploy.0 = Debug|Any CPU
		{F8BFC329-E871-427E-B4AA-583E737B9E06}.Debug|iPhone.ActiveCfg = Debug|Any CPU
		{F8BFC329-E871-427E-B4AA-583E737B9E06}.Debug|iPhone.Build.0 = Debug|Any CPU
		{F8BFC329-E871-427E-B4AA-583E737B9E06}.Debug|iPhone.Deploy.0 = Debug|Any CPU
		{F8BFC329-E871-427E-B4AA-583E737B9E06}.Debug|iPhoneSimulator.ActiveCfg = Debug|Any CPU
		{F8BFC329-E871-427E-B4AA-583E737B9E06}.Debug|iPhoneSimulator.Build.0 = Debug|Any CPU
		{F8BFC329-E871-427E-B4AA-583E737B9E06}.Debug|iPhoneSimulator.Deploy.0 = Debug|Any CPU
		{F8BFC329-E871-427E-B4AA-583E737B9E06}.Debug|x64.ActiveCfg = Debug|Any CPU
		{F8BFC329-E871-427E-B4AA-583E737B9E06}.Debug|x64.Build.0 = Debug|Any CPU
		{F8BFC329-E871-427E-B4AA-583E737B9E06}.Debug|x64.Deploy.0 = Debug|Any CPU
		{F8BFC329-E871-427E-B4AA-583E737B9E06}.Debug|x86.ActiveCfg = Debug|Any CPU
		{F8BFC329-E871-427E-B4AA-583E737B9E06}.Debug|x86.Build.0 = Debug|Any CPU
		{F8BFC329-E871-427E-B4AA-583E737B9E06}.Debug|x86.Deploy.0 = Debug|Any CPU
		{F8BFC329-E871-427E-B4AA-583E737B9E06}.Release|Any CPU.ActiveCfg = Release|Any CPU
		{F8BFC329-E871-427E-B4AA-583E737B9E06}.Release|Any CPU.Build.0 = Release|Any CPU
		{F8BFC329-E871-427E-B4AA-583E737B9E06}.Release|Any CPU.Deploy.0 = Release|Any CPU
		{F8BFC329-E871-427E-B4AA-583E737B9E06}.Release|ARM.ActiveCfg = Release|Any CPU
		{F8BFC329-E871-427E-B4AA-583E737B9E06}.Release|ARM.Build.0 = Release|Any CPU
		{F8BFC329-E871-427E-B4AA-583E737B9E06}.Release|ARM.Deploy.0 = Release|Any CPU
		{F8BFC329-E871-427E-B4AA-583E737B9E06}.Release|iPhone.ActiveCfg = Release|Any CPU
		{F8BFC329-E871-427E-B4AA-583E737B9E06}.Release|iPhone.Build.0 = Release|Any CPU
		{F8BFC329-E871-427E-B4AA-583E737B9E06}.Release|iPhone.Deploy.0 = Release|Any CPU
		{F8BFC329-E871-427E-B4AA-583E737B9E06}.Release|iPhoneSimulator.ActiveCfg = Release|Any CPU
		{F8BFC329-E871-427E-B4AA-583E737B9E06}.Release|iPhoneSimulator.Build.0 = Release|Any CPU
		{F8BFC329-E871-427E-B4AA-583E737B9E06}.Release|iPhoneSimulator.Deploy.0 = Release|Any CPU
		{F8BFC329-E871-427E-B4AA-583E737B9E06}.Release|x64.ActiveCfg = Release|Any CPU
		{F8BFC329-E871-427E-B4AA-583E737B9E06}.Release|x64.Build.0 = Release|Any CPU
		{F8BFC329-E871-427E-B4AA-583E737B9E06}.Release|x64.Deploy.0 = Release|Any CPU
		{F8BFC329-E871-427E-B4AA-583E737B9E06}.Release|x86.ActiveCfg = Release|Any CPU
		{F8BFC329-E871-427E-B4AA-583E737B9E06}.Release|x86.Build.0 = Release|Any CPU
		{F8BFC329-E871-427E-B4AA-583E737B9E06}.Release|x86.Deploy.0 = Release|Any CPU
	EndGlobalSection
	GlobalSection(SolutionProperties) = preSolution
		HideSolutionNode = FALSE
	EndGlobalSection
	GlobalSection(ExtensibilityGlobals) = postSolution
		SolutionGuid = {F6F19294-D878-4FE7-BBDD-5633AF2FAE2E}
	EndGlobalSection
EndGlobal
